
Microsoft Visual Studio Solution File, Format Version 12.00
# Visual Studio Version 17
VisualStudioVersion = 17.4.33122.133
MinimumVisualStudioVersion = 10.0.40219.1
Project("{9A19103F-16F7-4668-BE54-9A1E7A4F7556}") = "CSharpPractice", "CSharpPractice\CSharpPractice.csproj", "{C58C5468-9531-4B16-BAA0-D4572C4C82FD}"
EndProject
Project("{9A19103F-16F7-4668-BE54-9A1E7A4F7556}") = "LongestIncreasingSubsequence.Tests", "CSharpPractice\LongestIncreasingSubsequence.Tests\LongestIncreasingSubsequence.Tests.csproj", "{FBC749EC-1A46-4033-958F-B55BDDFBB3BE}"
EndProject
Project("{9A19103F-16F7-4668-BE54-9A1E7A4F7556}") = "LongestIncreasingSubsequence", "CSharpPractice\LongestIncreasingSubsequence\LongestIncreasingSubsequence.csproj", "{EAABA29C-4AC9-4251-8497-AE7867AE3F95}"
EndProject
Project("{9A19103F-16F7-4668-BE54-9A1E7A4F7556}") = "LongestSubstringWithoutRepeatingChar", "LongestSubstringWithoutRepeatingChar\LongestSubstringWithoutRepeatingChar.csproj", "{CDF9DD95-66E1-4070-A361-37C8420B2816}"
EndProject
Project("{9A19103F-16F7-4668-BE54-9A1E7A4F7556}") = "LongestSubstringWithoutRepeatingChar.Tests", "LongestSubstringWithoutRepeatingChar.Tests\LongestSubstringWithoutRepeatingChar.Tests.csproj", "{3DF98B07-CEFE-49BB-9014-C090ADF72C00}"
EndProject
Project("{FAE04EC0-301F-11D3-BF4B-00C04F79EFBC}") = "SortedInputArray", "SortedInputArray\SortedInputArray.csproj", "{D9F67E62-7FD2-415F-A885-D20DE37C28D0}"
EndProject
Project("{FAE04EC0-301F-11D3-BF4B-00C04F79EFBC}") = "SortedArray.Test", "SortedArray.Test\SortedArray.Test.csproj", "{7B20D653-6EF5-41E2-A497-0F16F342EC87}"
EndProject
Project("{FAE04EC0-301F-11D3-BF4B-00C04F79EFBC}") = "LongestSubstringDistinctCharacters", "LongestSubstringDistinctCharacters\LongestSubstringDistinctCharacters.csproj", "{5F55945A-5F11-45F2-900A-8FA67AFD94DE}"
EndProject
Global
	GlobalSection(SolutionConfigurationPlatforms) = preSolution
		Debug|Any CPU = Debug|Any CPU
		Release|Any CPU = Release|Any CPU
	EndGlobalSection
	GlobalSection(ProjectConfigurationPlatforms) = postSolution
		{C58C5468-9531-4B16-BAA0-D4572C4C82FD}.Debug|Any CPU.ActiveCfg = Debug|Any CPU
		{C58C5468-9531-4B16-BAA0-D4572C4C82FD}.Debug|Any CPU.Build.0 = Debug|Any CPU
		{C58C5468-9531-4B16-BAA0-D4572C4C82FD}.Release|Any CPU.ActiveCfg = Release|Any CPU
		{C58C5468-9531-4B16-BAA0-D4572C4C82FD}.Release|Any CPU.Build.0 = Release|Any CPU
		{FBC749EC-1A46-4033-958F-B55BDDFBB3BE}.Debug|Any CPU.ActiveCfg = Debug|Any CPU
		{FBC749EC-1A46-4033-958F-B55BDDFBB3BE}.Debug|Any CPU.Build.0 = Debug|Any CPU
		{FBC749EC-1A46-4033-958F-B55BDDFBB3BE}.Release|Any CPU.ActiveCfg = Release|Any CPU
		{FBC749EC-1A46-4033-958F-B55BDDFBB3BE}.Release|Any CPU.Build.0 = Release|Any CPU
		{EAABA29C-4AC9-4251-8497-AE7867AE3F95}.Debug|Any CPU.ActiveCfg = Debug|Any CPU
		{EAABA29C-4AC9-4251-8497-AE7867AE3F95}.Debug|Any CPU.Build.0 = Debug|Any CPU
		{EAABA29C-4AC9-4251-8497-AE7867AE3F95}.Release|Any CPU.ActiveCfg = Release|Any CPU
		{EAABA29C-4AC9-4251-8497-AE7867AE3F95}.Release|Any CPU.Build.0 = Release|Any CPU
		{CDF9DD95-66E1-4070-A361-37C8420B2816}.Debug|Any CPU.ActiveCfg = Debug|Any CPU
		{CDF9DD95-66E1-4070-A361-37C8420B2816}.Debug|Any CPU.Build.0 = Debug|Any CPU
		{CDF9DD95-66E1-4070-A361-37C8420B2816}.Release|Any CPU.ActiveCfg = Release|Any CPU
		{CDF9DD95-66E1-4070-A361-37C8420B2816}.Release|Any CPU.Build.0 = Release|Any CPU
		{3DF98B07-CEFE-49BB-9014-C090ADF72C00}.Debug|Any CPU.ActiveCfg = Debug|Any CPU
		{3DF98B07-CEFE-49BB-9014-C090ADF72C00}.Debug|Any CPU.Build.0 = Debug|Any CPU
		{3DF98B07-CEFE-49BB-9014-C090ADF72C00}.Release|Any CPU.ActiveCfg = Release|Any CPU
		{3DF98B07-CEFE-49BB-9014-C090ADF72C00}.Release|Any CPU.Build.0 = Release|Any CPU
		{D9F67E62-7FD2-415F-A885-D20DE37C28D0}.Debug|Any CPU.ActiveCfg = Debug|Any CPU
		{D9F67E62-7FD2-415F-A885-D20DE37C28D0}.Debug|Any CPU.Build.0 = Debug|Any CPU
		{D9F67E62-7FD2-415F-A885-D20DE37C28D0}.Release|Any CPU.ActiveCfg = Release|Any CPU
		{D9F67E62-7FD2-415F-A885-D20DE37C28D0}.Release|Any CPU.Build.0 = Release|Any CPU
		{7B20D653-6EF5-41E2-A497-0F16F342EC87}.Debug|Any CPU.ActiveCfg = Debug|Any CPU
		{7B20D653-6EF5-41E2-A497-0F16F342EC87}.Debug|Any CPU.Build.0 = Debug|Any CPU
		{7B20D653-6EF5-41E2-A497-0F16F342EC87}.Release|Any CPU.ActiveCfg = Release|Any CPU
		{7B20D653-6EF5-41E2-A497-0F16F342EC87}.Release|Any CPU.Build.0 = Release|Any CPU
		{5F55945A-5F11-45F2-900A-8FA67AFD94DE}.Debug|Any CPU.ActiveCfg = Debug|Any CPU
		{5F55945A-5F11-45F2-900A-8FA67AFD94DE}.Debug|Any CPU.Build.0 = Debug|Any CPU
		{5F55945A-5F11-45F2-900A-8FA67AFD94DE}.Release|Any CPU.ActiveCfg = Release|Any CPU
		{5F55945A-5F11-45F2-900A-8FA67AFD94DE}.Release|Any CPU.Build.0 = Release|Any CPU
	EndGlobalSection
	GlobalSection(SolutionProperties) = preSolution
		HideSolutionNode = FALSE
	EndGlobalSection
	GlobalSection(ExtensibilityGlobals) = postSolution
		SolutionGuid = {A1DEE19E-B74E-4675-BDBE-10FB3C7CD5AE}
	EndGlobalSection
EndGlobal
